
Microsoft Visual Studio Solution File, Format Version 12.00
# Visual Studio Version 17
VisualStudioVersion = 17.3.32819.101
MinimumVisualStudioVersion = 10.0.40219.1
Project("{FAE04EC0-301F-11D3-BF4B-00C04F79EFBC}") = "Entity", "Entity\Entity.csproj", "{B87FAE65-A02A-4284-9C0A-71EE11B13238}"
EndProject
Global
	GlobalSection(SolutionConfigurationPlatforms) = preSolution
		Debug|Any CPU = Debug|Any CPU
		Release|Any CPU = Release|Any CPU
	EndGlobalSection
	GlobalSection(ProjectConfigurationPlatforms) = postSolution
		{B87FAE65-A02A-4284-9C0A-71EE11B13238}.Debug|Any CPU.ActiveCfg = Debug|Any CPU
		{B87FAE65-A02A-4284-9C0A-71EE11B13238}.Debug|Any CPU.Build.0 = Debug|Any CPU
		{B87FAE65-A02A-4284-9C0A-71EE11B13238}.Release|Any CPU.ActiveCfg = Release|Any CPU
		{B87FAE65-A02A-4284-9C0A-71EE11B13238}.Release|Any CPU.Build.0 = Release|Any CPU
	EndGlobalSection
	GlobalSection(SolutionProperties) = preSolution
		HideSolutionNode = FALSE
	EndGlobalSection
	GlobalSection(ExtensibilityGlobals) = postSolution
		SolutionGuid = {1611BA23-F27A-4F8B-A82E-F4C1728B248F}
	EndGlobalSection
EndGlobal
